// !$*UTF8*$!
{
	archiveVersion = 1;
	classes = {
	};
	objectVersion = 46;
	objects = {

/* Begin PBXBuildFile section */
		615A8B182125EE9700A4ACEC /* AppDelegate.swift in Sources */ = {isa = PBXBuildFile; fileRef = 615A8B172125EE9700A4ACEC /* AppDelegate.swift */; };
		615A8B1A2125EE9700A4ACEC /* ViewController.swift in Sources */ = {isa = PBXBuildFile; fileRef = 615A8B192125EE9700A4ACEC /* ViewController.swift */; };
		615A8B1D2125EE9700A4ACEC /* Main.storyboard in Resources */ = {isa = PBXBuildFile; fileRef = 615A8B1B2125EE9700A4ACEC /* Main.storyboard */; };
		615A8B1F2125EE9700A4ACEC /* Assets.xcassets in Resources */ = {isa = PBXBuildFile; fileRef = 615A8B1E2125EE9700A4ACEC /* Assets.xcassets */; };
		615A8B222125EE9700A4ACEC /* LaunchScreen.storyboard in Resources */ = {isa = PBXBuildFile; fileRef = 615A8B202125EE9700A4ACEC /* LaunchScreen.storyboard */; };
		615A8B2D2125EE9700A4ACEC /* ImageLoaderTests.swift in Sources */ = {isa = PBXBuildFile; fileRef = 615A8B2C2125EE9700A4ACEC /* ImageLoaderTests.swift */; };
/* End PBXBuildFile section */

/* Begin PBXContainerItemProxy section */
		615A8B292125EE9700A4ACEC /* PBXContainerItemProxy */ = {
			isa = PBXContainerItemProxy;
			containerPortal = 615A8B0C2125EE9700A4ACEC /* Project object */;
			proxyType = 1;
			remoteGlobalIDString = 615A8B132125EE9700A4ACEC;
			remoteInfo = ImageLoader;
		};
/* End PBXContainerItemProxy section */

/* Begin PBXFileReference section */
		615A8B142125EE9700A4ACEC /* ImageLoader.app */ = {isa = PBXFileReference; explicitFileType = wrapper.application; includeInIndex = 0; path = ImageLoader.app; sourceTree = BUILT_PRODUCTS_DIR; };
		615A8B172125EE9700A4ACEC /* AppDelegate.swift */ = {isa = PBXFileReference; lastKnownFileType = sourcecode.swift; path = AppDelegate.swift; sourceTree = "<group>"; };
		615A8B192125EE9700A4ACEC /* ViewController.swift */ = {isa = PBXFileReference; lastKnownFileType = sourcecode.swift; path = ViewController.swift; sourceTree = "<group>"; };
		615A8B1C2125EE9700A4ACEC /* Base */ = {isa = PBXFileReference; lastKnownFileType = file.storyboard; name = Base; path = Base.lproj/Main.storyboard; sourceTree = "<group>"; };
		615A8B1E2125EE9700A4ACEC /* Assets.xcassets */ = {isa = PBXFileReference; lastKnownFileType = folder.assetcatalog; path = Assets.xcassets; sourceTree = "<group>"; };
		615A8B212125EE9700A4ACEC /* Base */ = {isa = PBXFileReference; lastKnownFileType = file.storyboard; name = Base; path = Base.lproj/LaunchScreen.storyboard; sourceTree = "<group>"; };
		615A8B232125EE9700A4ACEC /* Info.plist */ = {isa = PBXFileReference; lastKnownFileType = text.plist.xml; path = Info.plist; sourceTree = "<group>"; };
		615A8B282125EE9700A4ACEC /* ImageLoaderTests.xctest */ = {isa = PBXFileReference; explicitFileType = wrapper.cfbundle; includeInIndex = 0; path = ImageLoaderTests.xctest; sourceTree = BUILT_PRODUCTS_DIR; };
		615A8B2C2125EE9700A4ACEC /* ImageLoaderTests.swift */ = {isa = PBXFileReference; lastKnownFileType = sourcecode.swift; path = ImageLoaderTests.swift; sourceTree = "<group>"; };
		615A8B2E2125EE9700A4ACEC /* Info.plist */ = {isa = PBXFileReference; lastKnownFileType = text.plist.xml; path = Info.plist; sourceTree = "<group>"; };
/* End PBXFileReference section */

/* Begin PBXFrameworksBuildPhase section */
		615A8B112125EE9700A4ACEC /* Frameworks */ = {
			isa = PBXFrameworksBuildPhase;
			buildActionMask = 2147483647;
			files = (
			);
			runOnlyForDeploymentPostprocessing = 0;
		};
		615A8B252125EE9700A4ACEC /* Frameworks */ = {
			isa = PBXFrameworksBuildPhase;
			buildActionMask = 2147483647;
			files = (
			);
			runOnlyForDeploymentPostprocessing = 0;
		};
/* End PBXFrameworksBuildPhase section */

/* Begin PBXGroup section */
		615A8B0B2125EE9700A4ACEC = {
			isa = PBXGroup;
			children = (
				615A8B162125EE9700A4ACEC /* ImageLoader */,
				615A8B2B2125EE9700A4ACEC /* ImageLoaderTests */,
				615A8B152125EE9700A4ACEC /* Products */,
			);
			sourceTree = "<group>";
		};
		615A8B152125EE9700A4ACEC /* Products */ = {
			isa = PBXGroup;
			children = (
				615A8B142125EE9700A4ACEC /* ImageLoader.app */,
				615A8B282125EE9700A4ACEC /* ImageLoaderTests.xctest */,
			);
			name = Products;
			sourceTree = "<group>";
		};
		615A8B162125EE9700A4ACEC /* ImageLoader */ = {
			isa = PBXGroup;
			children = (
				615A8B172125EE9700A4ACEC /* AppDelegate.swift */,
				615A8B192125EE9700A4ACEC /* ViewController.swift */,
				615A8B1B2125EE9700A4ACEC /* Main.storyboard */,
				615A8B1E2125EE9700A4ACEC /* Assets.xcassets */,
				615A8B202125EE9700A4ACEC /* LaunchScreen.storyboard */,
				615A8B232125EE9700A4ACEC /* Info.plist */,
			);
			path = ImageLoader;
			sourceTree = "<group>";
		};
		615A8B2B2125EE9700A4ACEC /* ImageLoaderTests */ = {
			isa = PBXGroup;
			children = (
				615A8B2C2125EE9700A4ACEC /* ImageLoaderTests.swift */,
				615A8B2E2125EE9700A4ACEC /* Info.plist */,
			);
			path = ImageLoaderTests;
			sourceTree = "<group>";
		};
/* End PBXGroup section */

/* Begin PBXNativeTarget section */
		615A8B132125EE9700A4ACEC /* ImageLoader */ = {
			isa = PBXNativeTarget;
			buildConfigurationList = 615A8B312125EE9700A4ACEC /* Build configuration list for PBXNativeTarget "ImageLoader" */;
			buildPhases = (
				615A8B102125EE9700A4ACEC /* Sources */,
				615A8B112125EE9700A4ACEC /* Frameworks */,
				615A8B122125EE9700A4ACEC /* Resources */,
			);
			buildRules = (
			);
			dependencies = (
			);
			name = ImageLoader;
			productName = ImageLoader;
			productReference = 615A8B142125EE9700A4ACEC /* ImageLoader.app */;
			productType = "com.apple.product-type.application";
		};
		615A8B272125EE9700A4ACEC /* ImageLoaderTests */ = {
			isa = PBXNativeTarget;
			buildConfigurationList = 615A8B342125EE9700A4ACEC /* Build configuration list for PBXNativeTarget "ImageLoaderTests" */;
			buildPhases = (
				615A8B242125EE9700A4ACEC /* Sources */,
				615A8B252125EE9700A4ACEC /* Frameworks */,
				615A8B262125EE9700A4ACEC /* Resources */,
			);
			buildRules = (
			);
			dependencies = (
				615A8B2A2125EE9700A4ACEC /* PBXTargetDependency */,
			);
			name = ImageLoaderTests;
			productName = ImageLoaderTests;
			productReference = 615A8B282125EE9700A4ACEC /* ImageLoaderTests.xctest */;
			productType = "com.apple.product-type.bundle.unit-test";
		};
/* End PBXNativeTarget section */

/* Begin PBXProject section */
		615A8B0C2125EE9700A4ACEC /* Project object */ = {
			isa = PBXProject;
			attributes = {
				LastSwiftUpdateCheck = 0820;
				LastUpgradeCheck = 0820;
				ORGANIZATIONNAME = fordlabs;
				TargetAttributes = {
					615A8B132125EE9700A4ACEC = {
						CreatedOnToolsVersion = 8.2.1;
						ProvisioningStyle = Automatic;
					};
					615A8B272125EE9700A4ACEC = {
						CreatedOnToolsVersion = 8.2.1;
						ProvisioningStyle = Automatic;
						TestTargetID = 615A8B132125EE9700A4ACEC;
					};
				};
			};
			buildConfigurationList = 615A8B0F2125EE9700A4ACEC /* Build configuration list for PBXProject "ImageLoader" */;
			compatibilityVersion = "Xcode 3.2";
			developmentRegion = English;
			hasScannedForEncodings = 0;
			knownRegions = (
				en,
				Base,
			);
			mainGroup = 615A8B0B2125EE9700A4ACEC;
			productRefGroup = 615A8B152125EE9700A4ACEC /* Products */;
			projectDirPath = "";
			projectRoot = "";
			targets = (
				615A8B132125EE9700A4ACEC /* ImageLoader */,
				615A8B272125EE9700A4ACEC /* ImageLoaderTests */,
			);
		};
/* End PBXProject section */

/* Begin PBXResourcesBuildPhase section */
		615A8B122125EE9700A4ACEC /* Resources */ = {
			isa = PBXResourcesBuildPhase;
			buildActionMask = 2147483647;
			files = (
				615A8B222125EE9700A4ACEC /* LaunchScreen.storyboard in Resources */,
				615A8B1F2125EE9700A4ACEC /* Assets.xcassets in Resources */,
				615A8B1D2125EE9700A4ACEC /* Main.storyboard in Resources */,
			);
			runOnlyForDeploymentPostprocessing = 0;
		};
		615A8B262125EE9700A4ACEC /* Resources */ = {
			isa = PBXResourcesBuildPhase;
			buildActionMask = 2147483647;
			files = (
			);
			runOnlyForDeploymentPostprocessing = 0;
		};
/* End PBXResourcesBuildPhase section */

/* Begin PBXSourcesBuildPhase section */
		615A8B102125EE9700A4ACEC /* Sources */ = {
			isa = PBXSourcesBuildPhase;
			buildActionMask = 2147483647;
			files = (
				615A8B1A2125EE9700A4ACEC /* ViewController.swift in Sources */,
				615A8B182125EE9700A4ACEC /* AppDelegate.swift in Sources */,
			);
			runOnlyForDeploymentPostprocessing = 0;
		};
		615A8B242125EE9700A4ACEC /* Sources */ = {
			isa = PBXSourcesBuildPhase;
			buildActionMask = 2147483647;
			files = (
				615A8B2D2125EE9700A4ACEC /* ImageLoaderTests.swift in Sources */,
			);
			runOnlyForDeploymentPostprocessing = 0;
		};
/* End PBXSourcesBuildPhase section */

/* Begin PBXTargetDependency section */
		615A8B2A2125EE9700A4ACEC /* PBXTargetDependency */ = {
			isa = PBXTargetDependency;
			target = 615A8B132125EE9700A4ACEC /* ImageLoader */;
			targetProxy = 615A8B292125EE9700A4ACEC /* PBXContainerItemProxy */;
		};
/* End PBXTargetDependency section */

/* Begin PBXVariantGroup section */
		615A8B1B2125EE9700A4ACEC /* Main.storyboard */ = {
			isa = PBXVariantGroup;
			children = (
				615A8B1C2125EE9700A4ACEC /* Base */,
			);
			name = Main.storyboard;
			sourceTree = "<group>";
		};
		615A8B202125EE9700A4ACEC /* LaunchScreen.storyboard */ = {
			isa = PBXVariantGroup;
			children = (
				615A8B212125EE9700A4ACEC /* Base */,
			);
			name = LaunchScreen.storyboard;
			sourceTree = "<group>";
		};
/* End PBXVariantGroup section */

/* Begin XCBuildConfiguration section */
		615A8B2F2125EE9700A4ACEC /* Debug */ = {
			isa = XCBuildConfiguration;
			buildSettings = {
				ALWAYS_SEARCH_USER_PATHS = NO;
				CLANG_ANALYZER_NONNULL = YES;
				CLANG_CXX_LANGUAGE_STANDARD = "gnu++0x";
				CLANG_CXX_LIBRARY = "libc++";
				CLANG_ENABLE_MODULES = YES;
				CLANG_ENABLE_OBJC_ARC = YES;
				CLANG_WARN_BOOL_CONVERSION = YES;
				CLANG_WARN_CONSTANT_CONVERSION = YES;
				CLANG_WARN_DIRECT_OBJC_ISA_USAGE = YES_ERROR;
				CLANG_WARN_DOCUMENTATION_COMMENTS = YES;
				CLANG_WARN_EMPTY_BODY = YES;
				CLANG_WARN_ENUM_CONVERSION = YES;
				CLANG_WARN_INFINITE_RECURSION = YES;
				CLANG_WARN_INT_CONVERSION = YES;
				CLANG_WARN_OBJC_ROOT_CLASS = YES_ERROR;
				CLANG_WARN_SUSPICIOUS_MOVE = YES;
				CLANG_WARN_UNREACHABLE_CODE = YES;
				CLANG_WARN__DUPLICATE_METHOD_MATCH = YES;
				"CODE_SIGN_IDENTITY[sdk=iphoneos*]" = "iPhone Developer";
				COPY_PHASE_STRIP = NO;
				DEBUG_INFORMATION_FORMAT = dwarf;
				ENABLE_STRICT_OBJC_MSGSEND = YES;
				ENABLE_TESTABILITY = YES;
				GCC_C_LANGUAGE_STANDARD = gnu99;
				GCC_DYNAMIC_NO_PIC = NO;
				GCC_NO_COMMON_BLOCKS = YES;
				GCC_OPTIMIZATION_LEVEL = 0;
				GCC_PREPROCESSOR_DEFINITIONS = (
					"DEBUG=1",
					"$(inherited)",
				);
				GCC_WARN_64_TO_32_BIT_CONVERSION = YES;
				GCC_WARN_ABOUT_RETURN_TYPE = YES_ERROR;
				GCC_WARN_UNDECLARED_SELECTOR = YES;
				GCC_WARN_UNINITIALIZED_AUTOS = YES_AGGRESSIVE;
				GCC_WARN_UNUSED_FUNCTION = YES;
				GCC_WARN_UNUSED_VARIABLE = YES;
				IPHONEOS_DEPLOYMENT_TARGET = 10.2;
				MTL_ENABLE_DEBUG_INFO = YES;
				ONLY_ACTIVE_ARCH = YES;
				SDKROOT = iphoneos;
				SWIFT_ACTIVE_COMPILATION_CONDITIONS = DEBUG;
				SWIFT_OPTIMIZATION_LEVEL = "-Onone";
				TARGETED_DEVICE_FAMILY = "1,2";
			};
			name = Debug;
		};
		615A8B302125EE9700A4ACEC /* Release */ = {
			isa = XCBuildConfiguration;
			buildSettings = {
				ALWAYS_SEARCH_USER_PATHS = NO;
				CLANG_ANALYZER_NONNULL = YES;
				CLANG_CXX_LANGUAGE_STANDARD = "gnu++0x";
				CLANG_CXX_LIBRARY = "libc++";
				CLANG_ENABLE_MODULES = YES;
				CLANG_ENABLE_OBJC_ARC = YES;
				CLANG_WARN_BOOL_CONVERSION = YES;
				CLANG_WARN_CONSTANT_CONVERSION = YES;
				CLANG_WARN_DIRECT_OBJC_ISA_USAGE = YES_ERROR;
				CLANG_WARN_DOCUMENTATION_COMMENTS = YES;
				CLANG_WARN_EMPTY_BODY = YES;
				CLANG_WARN_ENUM_CONVERSION = YES;
				CLANG_WARN_INFINITE_RECURSION = YES;
				CLANG_WARN_INT_CONVERSION = YES;
				CLANG_WARN_OBJC_ROOT_CLASS = YES_ERROR;
				CLANG_WARN_SUSPICIOUS_MOVE = YES;
				CLANG_WARN_UNREACHABLE_CODE = YES;
				CLANG_WARN__DUPLICATE_METHOD_MATCH = YES;
				"CODE_SIGN_IDENTITY[sdk=iphoneos*]" = "iPhone Developer";
				COPY_PHASE_STRIP = NO;
				DEBUG_INFORMATION_FORMAT = "dwarf-with-dsym";
				ENABLE_NS_ASSERTIONS = NO;
				ENABLE_STRICT_OBJC_MSGSEND = YES;
				GCC_C_LANGUAGE_STANDARD = gnu99;
				GCC_NO_COMMON_BLOCKS = YES;
				GCC_WARN_64_TO_32_BIT_CONVERSION = YES;
				GCC_WARN_ABOUT_RETURN_TYPE = YES_ERROR;
				GCC_WARN_UNDECLARED_SELECTOR = YES;
				GCC_WARN_UNINITIALIZED_AUTOS = YES_AGGRESSIVE;
				GCC_WARN_UNUSED_FUNCTION = YES;
				GCC_WARN_UNUSED_VARIABLE = YES;
				IPHONEOS_DEPLOYMENT_TARGET = 10.2;
				MTL_ENABLE_DEBUG_INFO = NO;
				SDKROOT = iphoneos;
				SWIFT_OPTIMIZATION_LEVEL = "-Owholemodule";
				TARGETED_DEVICE_FAMILY = "1,2";
				VALIDATE_PRODUCT = YES;
			};
			name = Release;
		};
		615A8B322125EE9700A4ACEC /* Debug */ = {
			isa = XCBuildConfiguration;
			buildSettings = {
				ASSETCATALOG_COMPILER_APPICON_NAME = AppIcon;
				INFOPLIST_FILE = ImageLoader/Info.plist;
				LD_RUNPATH_SEARCH_PATHS = "$(inherited) @executable_path/Frameworks";
				PRODUCT_BUNDLE_IDENTIFIER = com.fordlabs.rxtraining.ImageLoader;
				PRODUCT_NAME = "$(TARGET_NAME)";
				SWIFT_VERSION = 3.0;
			};
			name = Debug;
		};
		615A8B332125EE9700A4ACEC /* Release */ = {
			isa = XCBuildConfiguration;
			buildSettings = {
				ASSETCATALOG_COMPILER_APPICON_NAME = AppIcon;
				INFOPLIST_FILE = ImageLoader/Info.plist;
				LD_RUNPATH_SEARCH_PATHS = "$(inherited) @executable_path/Frameworks";
				PRODUCT_BUNDLE_IDENTIFIER = com.fordlabs.rxtraining.ImageLoader;
				PRODUCT_NAME = "$(TARGET_NAME)";
				SWIFT_VERSION = 3.0;
			};
			name = Release;
		};
		615A8B352125EE9700A4ACEC /* Debug */ = {
			isa = XCBuildConfiguration;
			buildSettings = {
				ALWAYS_EMBED_SWIFT_STANDARD_LIBRARIES = YES;
				BUNDLE_LOADER = "$(TEST_HOST)";
				INFOPLIST_FILE = ImageLoaderTests/Info.plist;
				LD_RUNPATH_SEARCH_PATHS = "$(inherited) @executable_path/Frameworks @loader_path/Frameworks";
				PRODUCT_BUNDLE_IDENTIFIER = com.fordlabs.rxtraining.ImageLoaderTests;
				PRODUCT_NAME = "$(TARGET_NAME)";
				SWIFT_VERSION = 3.0;
				TEST_HOST = "$(BUILT_PRODUCTS_DIR)/ImageLoader.app/ImageLoader";
			};
			name = Debug;
		};
		615A8B362125EE9700A4ACEC /* Release */ = {
			isa = XCBuildConfiguration;
			buildSettings = {
				ALWAYS_EMBED_SWIFT_STANDARD_LIBRARIES = YES;
				BUNDLE_LOADER = "$(TEST_HOST)";
				INFOPLIST_FILE = ImageLoaderTests/Info.plist;
				LD_RUNPATH_SEARCH_PATHS = "$(inherited) @executable_path/Frameworks @loader_path/Frameworks";
				PRODUCT_BUNDLE_IDENTIFIER = com.fordlabs.rxtraining.ImageLoaderTests;
				PRODUCT_NAME = "$(TARGET_NAME)";
				SWIFT_VERSION = 3.0;
				TEST_HOST = "$(BUILT_PRODUCTS_DIR)/ImageLoader.app/ImageLoader";
			};
			name = Release;
		};
/* End XCBuildConfiguration section */

/* Begin XCConfigurationList section */
		615A8B0F2125EE9700A4ACEC /* Build configuration list for PBXProject "ImageLoader" */ = {
			isa = XCConfigurationList;
			buildConfigurations = (
				615A8B2F2125EE9700A4ACEC /* Debug */,
				615A8B302125EE9700A4ACEC /* Release */,
			);
			defaultConfigurationIsVisible = 0;
			defaultConfigurationName = Release;
		};
		615A8B312125EE9700A4ACEC /* Build configuration list for PBXNativeTarget "ImageLoader" */ = {
			isa = XCConfigurationList;
			buildConfigurations = (
				615A8B322125EE9700A4ACEC /* Debug */,
				615A8B332125EE9700A4ACEC /* Release */,
			);
			defaultConfigurationIsVisible = 0;
		};
		615A8B342125EE9700A4ACEC /* Build configuration list for PBXNativeTarget "ImageLoaderTests" */ = {
			isa = XCConfigurationList;
			buildConfigurations = (
				615A8B352125EE9700A4ACEC /* Debug */,
				615A8B362125EE9700A4ACEC /* Release */,
			);
			defaultConfigurationIsVisible = 0;
		};
/* End XCConfigurationList section */
	};
	rootObject = 615A8B0C2125EE9700A4ACEC /* Project object */;
}
